// !$*UTF8*$!
{
	archiveVersion = 1;
	classes = {
	};
	objectVersion = 60;
	objects = {

/* Begin PBXBuildFile section */
		745D9BB12E624AC80031F9AC /* AppParameters.swift in Sources */ = {isa = PBXBuildFile; fileRef = 745D9BAB2E624AC80031F9AC /* AppParameters.swift */; };
		745D9BB22E624AC80031F9AC /* AppsFlyerManager.swift in Sources */ = {isa = PBXBuildFile; fileRef = 745D9BAC2E624AC80031F9AC /* AppsFlyerManager.swift */; };
		745D9BB32E624AC80031F9AC /* InternetViewController.swift in Sources */ = {isa = PBXBuildFile; fileRef = 745D9BAD2E624AC80031F9AC /* InternetViewController.swift */; };
		745D9BB42E624AC80031F9AC /* LoadingView.swift in Sources */ = {isa = PBXBuildFile; fileRef = 745D9BAE2E624AC80031F9AC /* LoadingView.swift */; };
		745D9BB52E624AC80031F9AC /* NetworkManager.swift in Sources */ = {isa = PBXBuildFile; fileRef = 745D9BAF2E624AC80031F9AC /* NetworkManager.swift */; };
		745D9BB82E624B3A0031F9AC /* AppsFlyerLib in Frameworks */ = {isa = PBXBuildFile; productRef = 745D9BB72E624B3A0031F9AC /* AppsFlyerLib */; };
		74816A3C2E57AF0C0031320F /* Assets.xcassets in Resources */ = {isa = PBXBuildFile; fileRef = 74816A332E57AF0C0031320F /* Assets.xcassets */; };
		74816A3E2E57AF0C0031320F /* LaunchScreen.storyboard in Resources */ = {isa = PBXBuildFile; fileRef = 74816A362E57AF0C0031320F /* LaunchScreen.storyboard */; };
		74816A3F2E57AF0C0031320F /* Main.storyboard in Resources */ = {isa = PBXBuildFile; fileRef = 74816A382E57AF0C0031320F /* Main.storyboard */; };
		74816A402E57AF0C0031320F /* AppDelegate.swift in Sources */ = {isa = PBXBuildFile; fileRef = 74816A322E57AF0C0031320F /* AppDelegate.swift */; };
		74816A412E57AF0C0031320F /* SceneDelegate.swift in Sources */ = {isa = PBXBuildFile; fileRef = 74816A392E57AF0C0031320F /* SceneDelegate.swift */; };
		74816A8D2E57B9330031320F /* CoreDataManager.swift in Sources */ = {isa = PBXBuildFile; fileRef = 74816A892E57B9330031320F /* CoreDataManager.swift */; };
		74816A8E2E57B9330031320F /* Farm.xcdatamodeld in Sources */ = {isa = PBXBuildFile; fileRef = 74816A8A2E57B9330031320F /* Farm.xcdatamodeld */; };
		74ADF7522E70B5F8005EF65E /* NotificationPermissionView.swift in Sources */ = {isa = PBXBuildFile; fileRef = 74ADF7512E70B5F8005EF65E /* NotificationPermissionView.swift */; };
		74D1A28F2E5E51DC00A63DA4 /* AddChikenView.swift in Sources */ = {isa = PBXBuildFile; fileRef = 74D1A26C2E5E51DB00A63DA4 /* AddChikenView.swift */; };
		74D1A2902E5E51DC00A63DA4 /* ChikenView.swift in Sources */ = {isa = PBXBuildFile; fileRef = 74D1A26D2E5E51DB00A63DA4 /* ChikenView.swift */; };
		74D1A2912E5E51DC00A63DA4 /* ChikenViewmodel.swift in Sources */ = {isa = PBXBuildFile; fileRef = 74D1A26E2E5E51DB00A63DA4 /* ChikenViewmodel.swift */; };
		74D1A2922E5E51DC00A63DA4 /* CellForChokenView.swift in Sources */ = {isa = PBXBuildFile; fileRef = 74D1A2702E5E51DB00A63DA4 /* CellForChokenView.swift */; };
		74D1A2932E5E51DC00A63DA4 /* CellForFeeding.swift in Sources */ = {isa = PBXBuildFile; fileRef = 74D1A2712E5E51DB00A63DA4 /* CellForFeeding.swift */; };
		74D1A2942E5E51DC00A63DA4 /* CellForHenhousesView.swift in Sources */ = {isa = PBXBuildFile; fileRef = 74D1A2722E5E51DB00A63DA4 /* CellForHenhousesView.swift */; };
		74D1A2952E5E51DC00A63DA4 /* CellForLogView.swift in Sources */ = {isa = PBXBuildFile; fileRef = 74D1A2732E5E51DB00A63DA4 /* CellForLogView.swift */; };
		74D1A2962E5E51DC00A63DA4 /* CustomTimePickerDemoView.swift in Sources */ = {isa = PBXBuildFile; fileRef = 74D1A2742E5E51DB00A63DA4 /* CustomTimePickerDemoView.swift */; };
		74D1A2972E5E51DC00A63DA4 /* CustomtimePickerView.swift in Sources */ = {isa = PBXBuildFile; fileRef = 74D1A2752E5E51DB00A63DA4 /* CustomtimePickerView.swift */; };
		74D1A2982E5E51DC00A63DA4 /* GreenButtonView.swift in Sources */ = {isa = PBXBuildFile; fileRef = 74D1A2762E5E51DB00A63DA4 /* GreenButtonView.swift */; };
		74D1A2992E5E51DC00A63DA4 /* AddHenhousesView.swift in Sources */ = {isa = PBXBuildFile; fileRef = 74D1A2782E5E51DB00A63DA4 /* AddHenhousesView.swift */; };
		74D1A29A2E5E51DC00A63DA4 /* BirdsListsview.swift in Sources */ = {isa = PBXBuildFile; fileRef = 74D1A2792E5E51DB00A63DA4 /* BirdsListsview.swift */; };
		74D1A29B2E5E51DC00A63DA4 /* HendosesViewModel.swift in Sources */ = {isa = PBXBuildFile; fileRef = 74D1A27A2E5E51DB00A63DA4 /* HendosesViewModel.swift */; };
		74D1A29C2E5E51DC00A63DA4 /* HenhousesView.swift in Sources */ = {isa = PBXBuildFile; fileRef = 74D1A27B2E5E51DB00A63DA4 /* HenhousesView.swift */; };
		74D1A29D2E5E51DC00A63DA4 /* StatisticOfHenhousesView.swift in Sources */ = {isa = PBXBuildFile; fileRef = 74D1A27C2E5E51DB00A63DA4 /* StatisticOfHenhousesView.swift */; };
		74D1A29E2E5E51DC00A63DA4 /* AddFeedingForMyFarmView.swift in Sources */ = {isa = PBXBuildFile; fileRef = 74D1A27E2E5E51DB00A63DA4 /* AddFeedingForMyFarmView.swift */; };
		74D1A29F2E5E51DC00A63DA4 /* FeedingForMyFarmView.swift in Sources */ = {isa = PBXBuildFile; fileRef = 74D1A27F2E5E51DB00A63DA4 /* FeedingForMyFarmView.swift */; };
		74D1A2A02E5E51DC00A63DA4 /* AddEggsView.swift in Sources */ = {isa = PBXBuildFile; fileRef = 74D1A2812E5E51DB00A63DA4 /* AddEggsView.swift */; };
		74D1A2A12E5E51DC00A63DA4 /* AddLogView.swift in Sources */ = {isa = PBXBuildFile; fileRef = 74D1A2822E5E51DB00A63DA4 /* AddLogView.swift */; };
		74D1A2A22E5E51DC00A63DA4 /* AggsFeedingStatisticView.swift in Sources */ = {isa = PBXBuildFile; fileRef = 74D1A2832E5E51DB00A63DA4 /* AggsFeedingStatisticView.swift */; };
		74D1A2A32E5E51DC00A63DA4 /* HomeView.swift in Sources */ = {isa = PBXBuildFile; fileRef = 74D1A2842E5E51DB00A63DA4 /* HomeView.swift */; };
		74D1A2A42E5E51DC00A63DA4 /* HomeViewModel.swift in Sources */ = {isa = PBXBuildFile; fileRef = 74D1A2852E5E51DB00A63DA4 /* HomeViewModel.swift */; };
		74D1A2A52E5E51DC00A63DA4 /* MainView.swift in Sources */ = {isa = PBXBuildFile; fileRef = 74D1A2872E5E51DB00A63DA4 /* MainView.swift */; };
		74D1A2A62E5E51DC00A63DA4 /* OnBoardingView.swift in Sources */ = {isa = PBXBuildFile; fileRef = 74D1A2892E5E51DB00A63DA4 /* OnBoardingView.swift */; };
		74D1A2A72E5E51DC00A63DA4 /* SettingsView.swift in Sources */ = {isa = PBXBuildFile; fileRef = 74D1A28B2E5E51DB00A63DA4 /* SettingsView.swift */; };
		74D1A2A82E5E51DC00A63DA4 /* ContentView.swift in Sources */ = {isa = PBXBuildFile; fileRef = 74D1A28D2E5E51DB00A63DA4 /* ContentView.swift */; };
/* End PBXBuildFile section */

/* Begin PBXFileReference section */
		1EAE2254FACEF7976B4A3525 /* Pods-MyHenFarm2.release.xcconfig */ = {isa = PBXFileReference; includeInIndex = 1; lastKnownFileType = text.xcconfig; name = "Pods-MyHenFarm2.release.xcconfig"; path = "Target Support Files/Pods-MyHenFarm2/Pods-MyHenFarm2.release.xcconfig"; sourceTree = "<group>"; };
		22AEEFD6123B5132E8909B58 /* Pods-MyHenFarm2.debug.xcconfig */ = {isa = PBXFileReference; includeInIndex = 1; lastKnownFileType = text.xcconfig; name = "Pods-MyHenFarm2.debug.xcconfig"; path = "Target Support Files/Pods-MyHenFarm2/Pods-MyHenFarm2.debug.xcconfig"; sourceTree = "<group>"; };
		4D19C32FFEB834FB572E4200 /* Pods_MyHenFarm2.framework */ = {isa = PBXFileReference; explicitFileType = wrapper.framework; includeInIndex = 0; path = Pods_MyHenFarm2.framework; sourceTree = BUILT_PRODUCTS_DIR; };
		745D9BAB2E624AC80031F9AC /* AppParameters.swift */ = {isa = PBXFileReference; lastKnownFileType = sourcecode.swift; path = AppParameters.swift; sourceTree = "<group>"; };
		745D9BAC2E624AC80031F9AC /* AppsFlyerManager.swift */ = {isa = PBXFileReference; lastKnownFileType = sourcecode.swift; path = AppsFlyerManager.swift; sourceTree = "<group>"; };
		745D9BAD2E624AC80031F9AC /* InternetViewController.swift */ = {isa = PBXFileReference; lastKnownFileType = sourcecode.swift; path = InternetViewController.swift; sourceTree = "<group>"; };
		745D9BAE2E624AC80031F9AC /* LoadingView.swift */ = {isa = PBXFileReference; lastKnownFileType = sourcecode.swift; path = LoadingView.swift; sourceTree = "<group>"; };
		745D9BAF2E624AC80031F9AC /* NetworkManager.swift */ = {isa = PBXFileReference; lastKnownFileType = sourcecode.swift; path = NetworkManager.swift; sourceTree = "<group>"; };
		74816A1A2E57AC3B0031320F /* MyHenFarm2.app */ = {isa = PBXFileReference; explicitFileType = wrapper.application; includeInIndex = 0; path = MyHenFarm2.app; sourceTree = BUILT_PRODUCTS_DIR; };
		74816A322E57AF0C0031320F /* AppDelegate.swift */ = {isa = PBXFileReference; lastKnownFileType = sourcecode.swift; path = AppDelegate.swift; sourceTree = "<group>"; };
		74816A332E57AF0C0031320F /* Assets.xcassets */ = {isa = PBXFileReference; lastKnownFileType = folder.assetcatalog; path = Assets.xcassets; sourceTree = "<group>"; };
		74816A342E57AF0C0031320F /* Info.plist */ = {isa = PBXFileReference; lastKnownFileType = text.plist.xml; path = Info.plist; sourceTree = "<group>"; };
		74816A352E57AF0C0031320F /* Base */ = {isa = PBXFileReference; lastKnownFileType = file.storyboard; name = Base; path = Base.lproj/LaunchScreen.storyboard; sourceTree = "<group>"; };
		74816A372E57AF0C0031320F /* Base */ = {isa = PBXFileReference; lastKnownFileType = file.storyboard; name = Base; path = Base.lproj/Main.storyboard; sourceTree = "<group>"; };
		74816A392E57AF0C0031320F /* SceneDelegate.swift */ = {isa = PBXFileReference; lastKnownFileType = sourcecode.swift; path = SceneDelegate.swift; sourceTree = "<group>"; };
		74816A892E57B9330031320F /* CoreDataManager.swift */ = {isa = PBXFileReference; lastKnownFileType = sourcecode.swift; path = CoreDataManager.swift; sourceTree = "<group>"; };
		74816A8C2E57B9330031320F /* Farm.xcdatamodel */ = {isa = PBXFileReference; lastKnownFileType = wrapper.xcdatamodel; path = Farm.xcdatamodel; sourceTree = "<group>"; };
		74ADF7512E70B5F8005EF65E /* NotificationPermissionView.swift */ = {isa = PBXFileReference; lastKnownFileType = sourcecode.swift; path = NotificationPermissionView.swift; sourceTree = "<group>"; };
		74ADF7532E70B8EC005EF65E /* MyHenFarm2.entitlements */ = {isa = PBXFileReference; lastKnownFileType = text.plist.entitlements; path = MyHenFarm2.entitlements; sourceTree = "<group>"; };
		74D1A26C2E5E51DB00A63DA4 /* AddChikenView.swift */ = {isa = PBXFileReference; lastKnownFileType = sourcecode.swift; path = AddChikenView.swift; sourceTree = "<group>"; };
		74D1A26D2E5E51DB00A63DA4 /* ChikenView.swift */ = {isa = PBXFileReference; lastKnownFileType = sourcecode.swift; path = ChikenView.swift; sourceTree = "<group>"; };
		74D1A26E2E5E51DB00A63DA4 /* ChikenViewmodel.swift */ = {isa = PBXFileReference; lastKnownFileType = sourcecode.swift; path = ChikenViewmodel.swift; sourceTree = "<group>"; };
		74D1A2702E5E51DB00A63DA4 /* CellForChokenView.swift */ = {isa = PBXFileReference; lastKnownFileType = sourcecode.swift; path = CellForChokenView.swift; sourceTree = "<group>"; };
		74D1A2712E5E51DB00A63DA4 /* CellForFeeding.swift */ = {isa = PBXFileReference; lastKnownFileType = sourcecode.swift; path = CellForFeeding.swift; sourceTree = "<group>"; };
		74D1A2722E5E51DB00A63DA4 /* CellForHenhousesView.swift */ = {isa = PBXFileReference; lastKnownFileType = sourcecode.swift; path = CellForHenhousesView.swift; sourceTree = "<group>"; };
		74D1A2732E5E51DB00A63DA4 /* CellForLogView.swift */ = {isa = PBXFileReference; lastKnownFileType = sourcecode.swift; path = CellForLogView.swift; sourceTree = "<group>"; };
		74D1A2742E5E51DB00A63DA4 /* CustomTimePickerDemoView.swift */ = {isa = PBXFileReference; lastKnownFileType = sourcecode.swift; path = CustomTimePickerDemoView.swift; sourceTree = "<group>"; };
		74D1A2752E5E51DB00A63DA4 /* CustomtimePickerView.swift */ = {isa = PBXFileReference; lastKnownFileType = sourcecode.swift; path = CustomtimePickerView.swift; sourceTree = "<group>"; };
		74D1A2762E5E51DB00A63DA4 /* GreenButtonView.swift */ = {isa = PBXFileReference; lastKnownFileType = sourcecode.swift; path = GreenButtonView.swift; sourceTree = "<group>"; };
		74D1A2782E5E51DB00A63DA4 /* AddHenhousesView.swift */ = {isa = PBXFileReference; lastKnownFileType = sourcecode.swift; path = AddHenhousesView.swift; sourceTree = "<group>"; };
		74D1A2792E5E51DB00A63DA4 /* BirdsListsview.swift */ = {isa = PBXFileReference; lastKnownFileType = sourcecode.swift; path = BirdsListsview.swift; sourceTree = "<group>"; };
		74D1A27A2E5E51DB00A63DA4 /* HendosesViewModel.swift */ = {isa = PBXFileReference; lastKnownFileType = sourcecode.swift; path = HendosesViewModel.swift; sourceTree = "<group>"; };
		74D1A27B2E5E51DB00A63DA4 /* HenhousesView.swift */ = {isa = PBXFileReference; lastKnownFileType = sourcecode.swift; path = HenhousesView.swift; sourceTree = "<group>"; };
		74D1A27C2E5E51DB00A63DA4 /* StatisticOfHenhousesView.swift */ = {isa = PBXFileReference; lastKnownFileType = sourcecode.swift; path = StatisticOfHenhousesView.swift; sourceTree = "<group>"; };
		74D1A27E2E5E51DB00A63DA4 /* AddFeedingForMyFarmView.swift */ = {isa = PBXFileReference; lastKnownFileType = sourcecode.swift; path = AddFeedingForMyFarmView.swift; sourceTree = "<group>"; };
		74D1A27F2E5E51DB00A63DA4 /* FeedingForMyFarmView.swift */ = {isa = PBXFileReference; lastKnownFileType = sourcecode.swift; path = FeedingForMyFarmView.swift; sourceTree = "<group>"; };
		74D1A2812E5E51DB00A63DA4 /* AddEggsView.swift */ = {isa = PBXFileReference; lastKnownFileType = sourcecode.swift; path = AddEggsView.swift; sourceTree = "<group>"; };
		74D1A2822E5E51DB00A63DA4 /* AddLogView.swift */ = {isa = PBXFileReference; lastKnownFileType = sourcecode.swift; path = AddLogView.swift; sourceTree = "<group>"; };
		74D1A2832E5E51DB00A63DA4 /* AggsFeedingStatisticView.swift */ = {isa = PBXFileReference; lastKnownFileType = sourcecode.swift; path = AggsFeedingStatisticView.swift; sourceTree = "<group>"; };
		74D1A2842E5E51DB00A63DA4 /* HomeView.swift */ = {isa = PBXFileReference; lastKnownFileType = sourcecode.swift; path = HomeView.swift; sourceTree = "<group>"; };
		74D1A2852E5E51DB00A63DA4 /* HomeViewModel.swift */ = {isa = PBXFileReference; lastKnownFileType = sourcecode.swift; path = HomeViewModel.swift; sourceTree = "<group>"; };
		74D1A2872E5E51DB00A63DA4 /* MainView.swift */ = {isa = PBXFileReference; lastKnownFileType = sourcecode.swift; path = MainView.swift; sourceTree = "<group>"; };
		74D1A2892E5E51DB00A63DA4 /* OnBoardingView.swift */ = {isa = PBXFileReference; lastKnownFileType = sourcecode.swift; path = OnBoardingView.swift; sourceTree = "<group>"; };
		74D1A28B2E5E51DB00A63DA4 /* SettingsView.swift */ = {isa = PBXFileReference; lastKnownFileType = sourcecode.swift; path = SettingsView.swift; sourceTree = "<group>"; };
		74D1A28D2E5E51DB00A63DA4 /* ContentView.swift */ = {isa = PBXFileReference; lastKnownFileType = sourcecode.swift; path = ContentView.swift; sourceTree = "<group>"; };
/* End PBXFileReference section */

/* Begin PBXFrameworksBuildPhase section */
		74816A172E57AC3B0031320F /* Frameworks */ = {
			isa = PBXFrameworksBuildPhase;
			buildActionMask = 2147483647;
			files = (
				745D9BB82E624B3A0031F9AC /* AppsFlyerLib in Frameworks */,
			);
			runOnlyForDeploymentPostprocessing = 0;
		};
/* End PBXFrameworksBuildPhase section */

/* Begin PBXGroup section */
		745D9BB02E624AC80031F9AC /* Loading */ = {
			isa = PBXGroup;
			children = (
				745D9BAB2E624AC80031F9AC /* AppParameters.swift */,
				745D9BAC2E624AC80031F9AC /* AppsFlyerManager.swift */,
				745D9BAD2E624AC80031F9AC /* InternetViewController.swift */,
				745D9BAE2E624AC80031F9AC /* LoadingView.swift */,
				745D9BAF2E624AC80031F9AC /* NetworkManager.swift */,
				74ADF7512E70B5F8005EF65E /* NotificationPermissionView.swift */,
			);
			path = Loading;
			sourceTree = "<group>";
		};
		74816A112E57AC3B0031320F = {
			isa = PBXGroup;
			children = (
				74816A3B2E57AF0C0031320F /* MyHenFarm2 */,
				74816A1B2E57AC3B0031320F /* Products */,
				D27CD380197498FF23C9B97B /* Pods */,
				95C3B8F4CB0FDD4A83A53447 /* Frameworks */,
			);
			sourceTree = "<group>";
		};
		74816A1B2E57AC3B0031320F /* Products */ = {
			isa = PBXGroup;
			children = (
				74816A1A2E57AC3B0031320F /* MyHenFarm2.app */,
			);
			name = Products;
			sourceTree = "<group>";
		};
		74816A3B2E57AF0C0031320F /* MyHenFarm2 */ = {
			isa = PBXGroup;
			children = (
				74ADF7532E70B8EC005EF65E /* MyHenFarm2.entitlements */,
				74816A8B2E57B9330031320F /* CoreData */,
				74D1A28E2E5E51DB00A63DA4 /* View */,
				74816A322E57AF0C0031320F /* AppDelegate.swift */,
				74816A332E57AF0C0031320F /* Assets.xcassets */,
				74816A342E57AF0C0031320F /* Info.plist */,
				74816A362E57AF0C0031320F /* LaunchScreen.storyboard */,
				74816A382E57AF0C0031320F /* Main.storyboard */,
				74816A392E57AF0C0031320F /* SceneDelegate.swift */,
			);
			path = MyHenFarm2;
			sourceTree = "<group>";
		};
		74816A8B2E57B9330031320F /* CoreData */ = {
			isa = PBXGroup;
			children = (
				74816A892E57B9330031320F /* CoreDataManager.swift */,
				74816A8A2E57B9330031320F /* Farm.xcdatamodeld */,
			);
			path = CoreData;
			sourceTree = "<group>";
		};
		74D1A26F2E5E51DB00A63DA4 /* Chiken */ = {
			isa = PBXGroup;
			children = (
				74D1A26C2E5E51DB00A63DA4 /* AddChikenView.swift */,
				74D1A26D2E5E51DB00A63DA4 /* ChikenView.swift */,
				74D1A26E2E5E51DB00A63DA4 /* ChikenViewmodel.swift */,
			);
			path = Chiken;
			sourceTree = "<group>";
		};
		74D1A2772E5E51DB00A63DA4 /* Helpers */ = {
			isa = PBXGroup;
			children = (
				74D1A2702E5E51DB00A63DA4 /* CellForChokenView.swift */,
				74D1A2712E5E51DB00A63DA4 /* CellForFeeding.swift */,
				74D1A2722E5E51DB00A63DA4 /* CellForHenhousesView.swift */,
				74D1A2732E5E51DB00A63DA4 /* CellForLogView.swift */,
				74D1A2742E5E51DB00A63DA4 /* CustomTimePickerDemoView.swift */,
				74D1A2752E5E51DB00A63DA4 /* CustomtimePickerView.swift */,
				74D1A2762E5E51DB00A63DA4 /* GreenButtonView.swift */,
			);
			path = Helpers;
			sourceTree = "<group>";
		};
		74D1A27D2E5E51DB00A63DA4 /* HenHouses */ = {
			isa = PBXGroup;
			children = (
				74D1A2782E5E51DB00A63DA4 /* AddHenhousesView.swift */,
				74D1A2792E5E51DB00A63DA4 /* BirdsListsview.swift */,
				74D1A27A2E5E51DB00A63DA4 /* HendosesViewModel.swift */,
				74D1A27B2E5E51DB00A63DA4 /* HenhousesView.swift */,
				74D1A27C2E5E51DB00A63DA4 /* StatisticOfHenhousesView.swift */,
			);
			path = HenHouses;
			sourceTree = "<group>";
		};
		74D1A2802E5E51DB00A63DA4 /* Feedings */ = {
			isa = PBXGroup;
			children = (
				74D1A27E2E5E51DB00A63DA4 /* AddFeedingForMyFarmView.swift */,
				74D1A27F2E5E51DB00A63DA4 /* FeedingForMyFarmView.swift */,
			);
			path = Feedings;
			sourceTree = "<group>";
		};
		74D1A2862E5E51DB00A63DA4 /* Home */ = {
			isa = PBXGroup;
			children = (
				74D1A2802E5E51DB00A63DA4 /* Feedings */,
				74D1A2812E5E51DB00A63DA4 /* AddEggsView.swift */,
				74D1A2822E5E51DB00A63DA4 /* AddLogView.swift */,
				74D1A2832E5E51DB00A63DA4 /* AggsFeedingStatisticView.swift */,
				74D1A2842E5E51DB00A63DA4 /* HomeView.swift */,
				74D1A2852E5E51DB00A63DA4 /* HomeViewModel.swift */,
			);
			path = Home;
			sourceTree = "<group>";
		};
		74D1A2882E5E51DB00A63DA4 /* Main */ = {
			isa = PBXGroup;
			children = (
				74D1A2872E5E51DB00A63DA4 /* MainView.swift */,
			);
			path = Main;
			sourceTree = "<group>";
		};
		74D1A28A2E5E51DB00A63DA4 /* Onboarding */ = {
			isa = PBXGroup;
			children = (
				74D1A2892E5E51DB00A63DA4 /* OnBoardingView.swift */,
			);
			path = Onboarding;
			sourceTree = "<group>";
		};
		74D1A28C2E5E51DB00A63DA4 /* Settings */ = {
			isa = PBXGroup;
			children = (
				74D1A28B2E5E51DB00A63DA4 /* SettingsView.swift */,
			);
			path = Settings;
			sourceTree = "<group>";
		};
		74D1A28E2E5E51DB00A63DA4 /* View */ = {
			isa = PBXGroup;
			children = (
				74D1A26F2E5E51DB00A63DA4 /* Chiken */,
				74D1A2772E5E51DB00A63DA4 /* Helpers */,
				74D1A27D2E5E51DB00A63DA4 /* HenHouses */,
				74D1A2862E5E51DB00A63DA4 /* Home */,
				74D1A2882E5E51DB00A63DA4 /* Main */,
				74D1A28A2E5E51DB00A63DA4 /* Onboarding */,
				74D1A28C2E5E51DB00A63DA4 /* Settings */,
				74D1A28D2E5E51DB00A63DA4 /* ContentView.swift */,
				745D9BB02E624AC80031F9AC /* Loading */,
			);
			path = View;
			sourceTree = "<group>";
		};
		95C3B8F4CB0FDD4A83A53447 /* Frameworks */ = {
			isa = PBXGroup;
			children = (
				4D19C32FFEB834FB572E4200 /* Pods_MyHenFarm2.framework */,
			);
			name = Frameworks;
			sourceTree = "<group>";
		};
		D27CD380197498FF23C9B97B /* Pods */ = {
			isa = PBXGroup;
			children = (
				22AEEFD6123B5132E8909B58 /* Pods-MyHenFarm2.debug.xcconfig */,
				1EAE2254FACEF7976B4A3525 /* Pods-MyHenFarm2.release.xcconfig */,
			);
			path = Pods;
			sourceTree = "<group>";
		};
/* End PBXGroup section */

/* Begin PBXNativeTarget section */
		74816A192E57AC3B0031320F /* MyHenFarm2 */ = {
			isa = PBXNativeTarget;
			buildConfigurationList = 74816A2D2E57AC3C0031320F /* Build configuration list for PBXNativeTarget "MyHenFarm2" */;
			buildPhases = (
				4D309FAA11F213BBB84235AE /* [CP] Check Pods Manifest.lock */,
				74816A162E57AC3B0031320F /* Sources */,
				74816A172E57AC3B0031320F /* Frameworks */,
				74816A182E57AC3B0031320F /* Resources */,
			);
			buildRules = (
			);
			dependencies = (
			);
			name = MyHenFarm2;
			productName = MyHenFarm2;
			productReference = 74816A1A2E57AC3B0031320F /* MyHenFarm2.app */;
			productType = "com.apple.product-type.application";
		};
/* End PBXNativeTarget section */

/* Begin PBXProject section */
		74816A122E57AC3B0031320F /* Project object */ = {
			isa = PBXProject;
			attributes = {
				BuildIndependentTargetsInParallel = 1;
				LastSwiftUpdateCheck = 1640;
				LastUpgradeCheck = 1640;
				TargetAttributes = {
					74816A192E57AC3B0031320F = {
						CreatedOnToolsVersion = 16.4;
					};
				};
			};
			buildConfigurationList = 74816A152E57AC3B0031320F /* Build configuration list for PBXProject "MyHenFarm2" */;
			compatibilityVersion = "Xcode 15.0";
			developmentRegion = en;
			hasScannedForEncodings = 0;
			knownRegions = (
				en,
				Base,
			);
			mainGroup = 74816A112E57AC3B0031320F;
			packageReferences = (
				745D9BB62E624B3A0031F9AC /* XCRemoteSwiftPackageReference "AppsFlyerFramework" */,
			);
			productRefGroup = 74816A1B2E57AC3B0031320F /* Products */;
			projectDirPath = "";
			projectRoot = "";
			targets = (
				74816A192E57AC3B0031320F /* MyHenFarm2 */,
			);
		};
/* End PBXProject section */

/* Begin PBXResourcesBuildPhase section */
		74816A182E57AC3B0031320F /* Resources */ = {
			isa = PBXResourcesBuildPhase;
			buildActionMask = 2147483647;
			files = (
				74816A3C2E57AF0C0031320F /* Assets.xcassets in Resources */,
				74816A3E2E57AF0C0031320F /* LaunchScreen.storyboard in Resources */,
				74816A3F2E57AF0C0031320F /* Main.storyboard in Resources */,
			);
			runOnlyForDeploymentPostprocessing = 0;
		};
/* End PBXResourcesBuildPhase section */

/* Begin PBXShellScriptBuildPhase section */
		4D309FAA11F213BBB84235AE /* [CP] Check Pods Manifest.lock */ = {
			isa = PBXShellScriptBuildPhase;
			buildActionMask = 2147483647;
			files = (
			);
			inputFileListPaths = (
			);
			inputPaths = (
				"${PODS_PODFILE_DIR_PATH}/Podfile.lock",
				"${PODS_ROOT}/Manifest.lock",
			);
			name = "[CP] Check Pods Manifest.lock";
			outputFileListPaths = (
			);
			outputPaths = (
				"$(DERIVED_FILE_DIR)/Pods-MyHenFarm2-checkManifestLockResult.txt",
			);
			runOnlyForDeploymentPostprocessing = 0;
			shellPath = /bin/sh;
			shellScript = "diff \"${PODS_PODFILE_DIR_PATH}/Podfile.lock\" \"${PODS_ROOT}/Manifest.lock\" > /dev/null\nif [ $? != 0 ] ; then\n    # print error to STDERR\n    echo \"error: The sandbox is not in sync with the Podfile.lock. Run 'pod install' or update your CocoaPods installation.\" >&2\n    exit 1\nfi\n# This output is used by Xcode 'outputs' to avoid re-running this script phase.\necho \"SUCCESS\" > \"${SCRIPT_OUTPUT_FILE_0}\"\n";
			showEnvVarsInLog = 0;
		};
/* End PBXShellScriptBuildPhase section */

/* Begin PBXSourcesBuildPhase section */
		74816A162E57AC3B0031320F /* Sources */ = {
			isa = PBXSourcesBuildPhase;
			buildActionMask = 2147483647;
			files = (
				74D1A28F2E5E51DC00A63DA4 /* AddChikenView.swift in Sources */,
				74D1A2902E5E51DC00A63DA4 /* ChikenView.swift in Sources */,
				74D1A2912E5E51DC00A63DA4 /* ChikenViewmodel.swift in Sources */,
				74D1A2922E5E51DC00A63DA4 /* CellForChokenView.swift in Sources */,
				74D1A2932E5E51DC00A63DA4 /* CellForFeeding.swift in Sources */,
				74D1A2942E5E51DC00A63DA4 /* CellForHenhousesView.swift in Sources */,
				74D1A2952E5E51DC00A63DA4 /* CellForLogView.swift in Sources */,
				74D1A2962E5E51DC00A63DA4 /* CustomTimePickerDemoView.swift in Sources */,
				74ADF7522E70B5F8005EF65E /* NotificationPermissionView.swift in Sources */,
				74D1A2972E5E51DC00A63DA4 /* CustomtimePickerView.swift in Sources */,
				74D1A2982E5E51DC00A63DA4 /* GreenButtonView.swift in Sources */,
				74D1A2992E5E51DC00A63DA4 /* AddHenhousesView.swift in Sources */,
				74D1A29A2E5E51DC00A63DA4 /* BirdsListsview.swift in Sources */,
				74D1A29B2E5E51DC00A63DA4 /* HendosesViewModel.swift in Sources */,
				74D1A29C2E5E51DC00A63DA4 /* HenhousesView.swift in Sources */,
				74D1A29D2E5E51DC00A63DA4 /* StatisticOfHenhousesView.swift in Sources */,
				74D1A29E2E5E51DC00A63DA4 /* AddFeedingForMyFarmView.swift in Sources */,
				74D1A29F2E5E51DC00A63DA4 /* FeedingForMyFarmView.swift in Sources */,
				74D1A2A02E5E51DC00A63DA4 /* AddEggsView.swift in Sources */,
				74D1A2A12E5E51DC00A63DA4 /* AddLogView.swift in Sources */,
				745D9BB12E624AC80031F9AC /* AppParameters.swift in Sources */,
				745D9BB22E624AC80031F9AC /* AppsFlyerManager.swift in Sources */,
				745D9BB32E624AC80031F9AC /* InternetViewController.swift in Sources */,
				745D9BB42E624AC80031F9AC /* LoadingView.swift in Sources */,
				745D9BB52E624AC80031F9AC /* NetworkManager.swift in Sources */,
				74D1A2A22E5E51DC00A63DA4 /* AggsFeedingStatisticView.swift in Sources */,
				74D1A2A32E5E51DC00A63DA4 /* HomeView.swift in Sources */,
				74D1A2A42E5E51DC00A63DA4 /* HomeViewModel.swift in Sources */,
				74D1A2A52E5E51DC00A63DA4 /* MainView.swift in Sources */,
				74D1A2A62E5E51DC00A63DA4 /* OnBoardingView.swift in Sources */,
				74D1A2A72E5E51DC00A63DA4 /* SettingsView.swift in Sources */,
				74D1A2A82E5E51DC00A63DA4 /* ContentView.swift in Sources */,
				74816A402E57AF0C0031320F /* AppDelegate.swift in Sources */,
				74816A412E57AF0C0031320F /* SceneDelegate.swift in Sources */,
				74816A8D2E57B9330031320F /* CoreDataManager.swift in Sources */,
				74816A8E2E57B9330031320F /* Farm.xcdatamodeld in Sources */,
			);
			runOnlyForDeploymentPostprocessing = 0;
		};
/* End PBXSourcesBuildPhase section */

/* Begin PBXVariantGroup section */
		74816A362E57AF0C0031320F /* LaunchScreen.storyboard */ = {
			isa = PBXVariantGroup;
			children = (
				74816A352E57AF0C0031320F /* Base */,
			);
			name = LaunchScreen.storyboard;
			sourceTree = "<group>";
		};
		74816A382E57AF0C0031320F /* Main.storyboard */ = {
			isa = PBXVariantGroup;
			children = (
				74816A372E57AF0C0031320F /* Base */,
			);
			name = Main.storyboard;
			sourceTree = "<group>";
		};
/* End PBXVariantGroup section */

/* Begin XCBuildConfiguration section */
		74816A2E2E57AC3C0031320F /* Debug */ = {
			isa = XCBuildConfiguration;
			baseConfigurationReference = 22AEEFD6123B5132E8909B58 /* Pods-MyHenFarm2.debug.xcconfig */;
			buildSettings = {
				ASSETCATALOG_COMPILER_APPICON_NAME = AppIcon;
				ASSETCATALOG_COMPILER_GLOBAL_ACCENT_COLOR_NAME = AccentColor;
				CODE_SIGN_ENTITLEMENTS = MyHenFarm2/MyHenFarm2.entitlements;
				CODE_SIGN_STYLE = Automatic;
				CURRENT_PROJECT_VERSION = 2;
				GENERATE_INFOPLIST_FILE = YES;
				INFOPLIST_FILE = MyHenFarm2/Info.plist;
				INFOPLIST_KEY_CFBundleDisplayName = "HenHouse Farm";
				INFOPLIST_KEY_UIApplicationSupportsIndirectInputEvents = YES;
				INFOPLIST_KEY_UILaunchStoryboardName = LaunchScreen;
				INFOPLIST_KEY_UIMainStoryboardFile = Main;
				INFOPLIST_KEY_UISupportedInterfaceOrientations = "UIInterfaceOrientationLandscapeLeft UIInterfaceOrientationLandscapeRight UIInterfaceOrientationPortrait";
				INFOPLIST_KEY_UISupportedInterfaceOrientations_iPad = "UIInterfaceOrientationLandscapeLeft UIInterfaceOrientationLandscapeRight UIInterfaceOrientationPortrait UIInterfaceOrientationPortraitUpsideDown";
				IPHONEOS_DEPLOYMENT_TARGET = 16.6;
				LD_RUNPATH_SEARCH_PATHS = (
					"$(inherited)",
					"@executable_path/Frameworks",
				);
				MARKETING_VERSION = 1.1;
				PRODUCT_BUNDLE_IDENTIFIER = com.henhousefarm234.rre3;
				PRODUCT_NAME = "$(TARGET_NAME)";
				SUPPORTED_PLATFORMS = "iphoneos iphonesimulator";
				SUPPORTS_MACCATALYST = NO;
				SUPPORTS_MAC_DESIGNED_FOR_IPHONE_IPAD = NO;
				SUPPORTS_XR_DESIGNED_FOR_IPHONE_IPAD = NO;
				SWIFT_EMIT_LOC_STRINGS = YES;
				SWIFT_VERSION = 5.0;
				TARGETED_DEVICE_FAMILY = 1;
			};
			name = Debug;
		};
		74816A2F2E57AC3C0031320F /* Release */ = {
			isa = XCBuildConfiguration;
			baseConfigurationReference = 1EAE2254FACEF7976B4A3525 /* Pods-MyHenFarm2.release.xcconfig */;
			buildSettings = {
				ASSETCATALOG_COMPILER_APPICON_NAME = AppIcon;
				ASSETCATALOG_COMPILER_GLOBAL_ACCENT_COLOR_NAME = AccentColor;
				CODE_SIGN_ENTITLEMENTS = MyHenFarm2/MyHenFarm2.entitlements;
				CODE_SIGN_STYLE = Automatic;
				CURRENT_PROJECT_VERSION = 2;
				GENERATE_INFOPLIST_FILE = YES;
				INFOPLIST_FILE = MyHenFarm2/Info.plist;
				INFOPLIST_KEY_CFBundleDisplayName = "HenHouse Farm";
				INFOPLIST_KEY_UIApplicationSupportsIndirectInputEvents = YES;
				INFOPLIST_KEY_UILaunchStoryboardName = LaunchScreen;
				INFOPLIST_KEY_UIMainStoryboardFile = Main;
				INFOPLIST_KEY_UISupportedInterfaceOrientations = "UIInterfaceOrientationLandscapeLeft UIInterfaceOrientationLandscapeRight UIInterfaceOrientationPortrait";
				INFOPLIST_KEY_UISupportedInterfaceOrientations_iPad = "UIInterfaceOrientationLandscapeLeft UIInterfaceOrientationLandscapeRight UIInterfaceOrientationPortrait UIInterfaceOrientationPortraitUpsideDown";
				IPHONEOS_DEPLOYMENT_TARGET = 16.6;
				LD_RUNPATH_SEARCH_PATHS = (
					"$(inherited)",
					"@executable_path/Frameworks",
				);
				MARKETING_VERSION = 1.1;
				PRODUCT_BUNDLE_IDENTIFIER = com.henhousefarm234.rre3;
				PRODUCT_NAME = "$(TARGET_NAME)";
				SUPPORTED_PLATFORMS = "iphoneos iphonesimulator";
				SUPPORTS_MACCATALYST = NO;
				SUPPORTS_MAC_DESIGNED_FOR_IPHONE_IPAD = NO;
				SUPPORTS_XR_DESIGNED_FOR_IPHONE_IPAD = NO;
				SWIFT_EMIT_LOC_STRINGS = YES;
				SWIFT_VERSION = 5.0;
				TARGETED_DEVICE_FAMILY = 1;
			};
			name = Release;
		};
		74816A302E57AC3C0031320F /* Debug */ = {
			isa = XCBuildConfiguration;
			buildSettings = {
				ALWAYS_SEARCH_USER_PATHS = NO;
				ASSETCATALOG_COMPILER_GENERATE_SWIFT_ASSET_SYMBOL_EXTENSIONS = YES;
				CLANG_ANALYZER_NONNULL = YES;
				CLANG_ANALYZER_NUMBER_OBJECT_CONVERSION = YES_AGGRESSIVE;
				CLANG_CXX_LANGUAGE_STANDARD = "gnu++20";
				CLANG_ENABLE_MODULES = YES;
				CLANG_ENABLE_OBJC_ARC = YES;
				CLANG_ENABLE_OBJC_WEAK = YES;
				CLANG_WARN_BLOCK_CAPTURE_AUTORELEASING = YES;
				CLANG_WARN_BOOL_CONVERSION = YES;
				CLANG_WARN_COMMA = YES;
				CLANG_WARN_CONSTANT_CONVERSION = YES;
				CLANG_WARN_DEPRECATED_OBJC_IMPLEMENTATIONS = YES;
				CLANG_WARN_DIRECT_OBJC_ISA_USAGE = YES_ERROR;
				CLANG_WARN_DOCUMENTATION_COMMENTS = YES;
				CLANG_WARN_EMPTY_BODY = YES;
				CLANG_WARN_ENUM_CONVERSION = YES;
				CLANG_WARN_INFINITE_RECURSION = YES;
				CLANG_WARN_INT_CONVERSION = YES;
				CLANG_WARN_NON_LITERAL_NULL_CONVERSION = YES;
				CLANG_WARN_OBJC_IMPLICIT_RETAIN_SELF = YES;
				CLANG_WARN_OBJC_LITERAL_CONVERSION = YES;
				CLANG_WARN_OBJC_ROOT_CLASS = YES_ERROR;
				CLANG_WARN_QUOTED_INCLUDE_IN_FRAMEWORK_HEADER = YES;
				CLANG_WARN_RANGE_LOOP_ANALYSIS = YES;
				CLANG_WARN_STRICT_PROTOTYPES = YES;
				CLANG_WARN_SUSPICIOUS_MOVE = YES;
				CLANG_WARN_UNGUARDED_AVAILABILITY = YES_AGGRESSIVE;
				CLANG_WARN_UNREACHABLE_CODE = YES;
				CLANG_WARN__DUPLICATE_METHOD_MATCH = YES;
				COPY_PHASE_STRIP = NO;
				DEBUG_INFORMATION_FORMAT = dwarf;
				ENABLE_STRICT_OBJC_MSGSEND = YES;
				ENABLE_TESTABILITY = YES;
				ENABLE_USER_SCRIPT_SANDBOXING = YES;
				GCC_C_LANGUAGE_STANDARD = gnu17;
				GCC_DYNAMIC_NO_PIC = NO;
				GCC_NO_COMMON_BLOCKS = YES;
				GCC_OPTIMIZATION_LEVEL = 0;
				GCC_PREPROCESSOR_DEFINITIONS = (
					"DEBUG=1",
					"$(inherited)",
				);
				GCC_WARN_64_TO_32_BIT_CONVERSION = YES;
				GCC_WARN_ABOUT_RETURN_TYPE = YES_ERROR;
				GCC_WARN_UNDECLARED_SELECTOR = YES;
				GCC_WARN_UNINITIALIZED_AUTOS = YES_AGGRESSIVE;
				GCC_WARN_UNUSED_FUNCTION = YES;
				GCC_WARN_UNUSED_VARIABLE = YES;
				IPHONEOS_DEPLOYMENT_TARGET = 18.5;
				LOCALIZATION_PREFERS_STRING_CATALOGS = YES;
				MTL_ENABLE_DEBUG_INFO = INCLUDE_SOURCE;
				MTL_FAST_MATH = YES;
				ONLY_ACTIVE_ARCH = YES;
				SDKROOT = iphoneos;
				SWIFT_ACTIVE_COMPILATION_CONDITIONS = "DEBUG $(inherited)";
				SWIFT_OPTIMIZATION_LEVEL = "-Onone";
			};
			name = Debug;
		};
		74816A312E57AC3C0031320F /* Release */ = {
			isa = XCBuildConfiguration;
			buildSettings = {
				ALWAYS_SEARCH_USER_PATHS = NO;
				ASSETCATALOG_COMPILER_GENERATE_SWIFT_ASSET_SYMBOL_EXTENSIONS = YES;
				CLANG_ANALYZER_NONNULL = YES;
				CLANG_ANALYZER_NUMBER_OBJECT_CONVERSION = YES_AGGRESSIVE;
				CLANG_CXX_LANGUAGE_STANDARD = "gnu++20";
				CLANG_ENABLE_MODULES = YES;
				CLANG_ENABLE_OBJC_ARC = YES;
				CLANG_ENABLE_OBJC_WEAK = YES;
				CLANG_WARN_BLOCK_CAPTURE_AUTORELEASING = YES;
				CLANG_WARN_BOOL_CONVERSION = YES;
				CLANG_WARN_COMMA = YES;
				CLANG_WARN_CONSTANT_CONVERSION = YES;
				CLANG_WARN_DEPRECATED_OBJC_IMPLEMENTATIONS = YES;
				CLANG_WARN_DIRECT_OBJC_ISA_USAGE = YES_ERROR;
				CLANG_WARN_DOCUMENTATION_COMMENTS = YES;
				CLANG_WARN_EMPTY_BODY = YES;
				CLANG_WARN_ENUM_CONVERSION = YES;
				CLANG_WARN_INFINITE_RECURSION = YES;
				CLANG_WARN_INT_CONVERSION = YES;
				CLANG_WARN_NON_LITERAL_NULL_CONVERSION = YES;
				CLANG_WARN_OBJC_IMPLICIT_RETAIN_SELF = YES;
				CLANG_WARN_OBJC_LITERAL_CONVERSION = YES;
				CLANG_WARN_OBJC_ROOT_CLASS = YES_ERROR;
				CLANG_WARN_QUOTED_INCLUDE_IN_FRAMEWORK_HEADER = YES;
				CLANG_WARN_RANGE_LOOP_ANALYSIS = YES;
				CLANG_WARN_STRICT_PROTOTYPES = YES;
				CLANG_WARN_SUSPICIOUS_MOVE = YES;
				CLANG_WARN_UNGUARDED_AVAILABILITY = YES_AGGRESSIVE;
				CLANG_WARN_UNREACHABLE_CODE = YES;
				CLANG_WARN__DUPLICATE_METHOD_MATCH = YES;
				COPY_PHASE_STRIP = NO;
				DEBUG_INFORMATION_FORMAT = "dwarf-with-dsym";
				ENABLE_NS_ASSERTIONS = NO;
				ENABLE_STRICT_OBJC_MSGSEND = YES;
				ENABLE_USER_SCRIPT_SANDBOXING = YES;
				GCC_C_LANGUAGE_STANDARD = gnu17;
				GCC_NO_COMMON_BLOCKS = YES;
				GCC_WARN_64_TO_32_BIT_CONVERSION = YES;
				GCC_WARN_ABOUT_RETURN_TYPE = YES_ERROR;
				GCC_WARN_UNDECLARED_SELECTOR = YES;
				GCC_WARN_UNINITIALIZED_AUTOS = YES_AGGRESSIVE;
				GCC_WARN_UNUSED_FUNCTION = YES;
				GCC_WARN_UNUSED_VARIABLE = YES;
				IPHONEOS_DEPLOYMENT_TARGET = 18.5;
				LOCALIZATION_PREFERS_STRING_CATALOGS = YES;
				MTL_ENABLE_DEBUG_INFO = NO;
				MTL_FAST_MATH = YES;
				SDKROOT = iphoneos;
				SWIFT_COMPILATION_MODE = wholemodule;
				VALIDATE_PRODUCT = YES;
			};
			name = Release;
		};
/* End XCBuildConfiguration section */

/* Begin XCConfigurationList section */
		74816A152E57AC3B0031320F /* Build configuration list for PBXProject "MyHenFarm2" */ = {
			isa = XCConfigurationList;
			buildConfigurations = (
				74816A302E57AC3C0031320F /* Debug */,
				74816A312E57AC3C0031320F /* Release */,
			);
			defaultConfigurationIsVisible = 0;
			defaultConfigurationName = Release;
		};
		74816A2D2E57AC3C0031320F /* Build configuration list for PBXNativeTarget "MyHenFarm2" */ = {
			isa = XCConfigurationList;
			buildConfigurations = (
				74816A2E2E57AC3C0031320F /* Debug */,
				74816A2F2E57AC3C0031320F /* Release */,
			);
			defaultConfigurationIsVisible = 0;
			defaultConfigurationName = Release;
		};
/* End XCConfigurationList section */

/* Begin XCRemoteSwiftPackageReference section */
		745D9BB62E624B3A0031F9AC /* XCRemoteSwiftPackageReference "AppsFlyerFramework" */ = {
			isa = XCRemoteSwiftPackageReference;
			repositoryURL = "https://github.com/AppsFlyerSDK/AppsFlyerFramework";
			requirement = {
				kind = upToNextMajorVersion;
				minimumVersion = 6.17.4;
			};
		};
/* End XCRemoteSwiftPackageReference section */

/* Begin XCSwiftPackageProductDependency section */
		745D9BB72E624B3A0031F9AC /* AppsFlyerLib */ = {
			isa = XCSwiftPackageProductDependency;
			package = 745D9BB62E624B3A0031F9AC /* XCRemoteSwiftPackageReference "AppsFlyerFramework" */;
			productName = AppsFlyerLib;
		};
/* End XCSwiftPackageProductDependency section */

/* Begin XCVersionGroup section */
		74816A8A2E57B9330031320F /* Farm.xcdatamodeld */ = {
			isa = XCVersionGroup;
			children = (
				74816A8C2E57B9330031320F /* Farm.xcdatamodel */,
			);
			currentVersion = 74816A8C2E57B9330031320F /* Farm.xcdatamodel */;
			path = Farm.xcdatamodeld;
			sourceTree = "<group>";
			versionGroupType = wrapper.xcdatamodel;
		};
/* End XCVersionGroup section */
	};
	rootObject = 74816A122E57AC3B0031320F /* Project object */;
}
